
Microsoft Visual Studio Solution File, Format Version 12.00
# Visual Studio Version 17
VisualStudioVersion = 17.4.33205.214
MinimumVisualStudioVersion = 10.0.40219.1
Project("{FAE04EC0-301F-11D3-BF4B-00C04F79EFBC}") = "TaskManagerApi", "TaskManagerApi\TaskManagerApi.csproj", "{B8AAEF59-101A-4D70-BE1F-CFBEF1272773}"
EndProject
Global
	GlobalSection(SolutionConfigurationPlatforms) = preSolution
		Debug|Any CPU = Debug|Any CPU
		Release|Any CPU = Release|Any CPU
	EndGlobalSection
	GlobalSection(ProjectConfigurationPlatforms) = postSolution
		{B8AAEF59-101A-4D70-BE1F-CFBEF1272773}.Debug|Any CPU.ActiveCfg = Debug|Any CPU
		{B8AAEF59-101A-4D70-BE1F-CFBEF1272773}.Debug|Any CPU.Build.0 = Debug|Any CPU
		{B8AAEF59-101A-4D70-BE1F-CFBEF1272773}.Release|Any CPU.ActiveCfg = Release|Any CPU
		{B8AAEF59-101A-4D70-BE1F-CFBEF1272773}.Release|Any CPU.Build.0 = Release|Any CPU
	EndGlobalSection
	GlobalSection(SolutionProperties) = preSolution
		HideSolutionNode = FALSE
	EndGlobalSection
	GlobalSection(ExtensibilityGlobals) = postSolution
		SolutionGuid = {D74E13EA-0AC7-44D1-A67B-D41207EF0810}
	EndGlobalSection
EndGlobal
